
Microsoft Visual Studio Solution File, Format Version 12.00
# Visual Studio Version 17
VisualStudioVersion = 17.3.32901.215
MinimumVisualStudioVersion = 10.0.40219.1
Project("{9A19103F-16F7-4668-BE54-9A1E7A4F7556}") = "AM.ApplicationCore", "AM.ApplicationCore\AM.ApplicationCore.csproj", "{AFC36272-0D3B-47E7-BCC3-B78BB42A0768}"
EndProject
Project("{9A19103F-16F7-4668-BE54-9A1E7A4F7556}") = "AM.UI.Console", "AM.UI.Console\AM.UI.Console.csproj", "{76A403E2-77C1-4976-BF4C-B819AF5B846C}"
EndProject
Project("{FAE04EC0-301F-11D3-BF4B-00C04F79EFBC}") = "AM.infrastricture", "AM.infrastricture\AM.infrastricture.csproj", "{A97D02D2-0DC7-430F-998D-BE0309311018}"
EndProject
Global
	GlobalSection(SolutionConfigurationPlatforms) = preSolution
		Debug|Any CPU = Debug|Any CPU
		Release|Any CPU = Release|Any CPU
	EndGlobalSection
	GlobalSection(ProjectConfigurationPlatforms) = postSolution
		{AFC36272-0D3B-47E7-BCC3-B78BB42A0768}.Debug|Any CPU.ActiveCfg = Debug|Any CPU
		{AFC36272-0D3B-47E7-BCC3-B78BB42A0768}.Debug|Any CPU.Build.0 = Debug|Any CPU
		{AFC36272-0D3B-47E7-BCC3-B78BB42A0768}.Release|Any CPU.ActiveCfg = Release|Any CPU
		{AFC36272-0D3B-47E7-BCC3-B78BB42A0768}.Release|Any CPU.Build.0 = Release|Any CPU
		{76A403E2-77C1-4976-BF4C-B819AF5B846C}.Debug|Any CPU.ActiveCfg = Debug|Any CPU
		{76A403E2-77C1-4976-BF4C-B819AF5B846C}.Debug|Any CPU.Build.0 = Debug|Any CPU
		{76A403E2-77C1-4976-BF4C-B819AF5B846C}.Release|Any CPU.ActiveCfg = Release|Any CPU
		{76A403E2-77C1-4976-BF4C-B819AF5B846C}.Release|Any CPU.Build.0 = Release|Any CPU
		{A97D02D2-0DC7-430F-998D-BE0309311018}.Debug|Any CPU.ActiveCfg = Debug|Any CPU
		{A97D02D2-0DC7-430F-998D-BE0309311018}.Debug|Any CPU.Build.0 = Debug|Any CPU
		{A97D02D2-0DC7-430F-998D-BE0309311018}.Release|Any CPU.ActiveCfg = Release|Any CPU
		{A97D02D2-0DC7-430F-998D-BE0309311018}.Release|Any CPU.Build.0 = Release|Any CPU
	EndGlobalSection
	GlobalSection(SolutionProperties) = preSolution
		HideSolutionNode = FALSE
	EndGlobalSection
	GlobalSection(ExtensibilityGlobals) = postSolution
		SolutionGuid = {462C6D18-9ED9-4EF0-9C09-A4BCB9282558}
	EndGlobalSection
EndGlobal
